
Microsoft Visual Studio Solution File, Format Version 12.00
# Visual Studio Version 17
VisualStudioVersion = 17.11.35312.102
MinimumVisualStudioVersion = 10.0.40219.1
Project("{2150E333-8FDC-42A3-9474-1A3956D46DE8}") = "01 - OOP", "01 - OOP", "{B45E8132-946B-4F37-80CE-0C680DE29218}"
EndProject
Project("{9A19103F-16F7-4668-BE54-9A1E7A4F7556}") = "OOP", "OOP\OOP.csproj", "{6A752A16-26B2-42D9-A6AD-F9164992FD45}"
EndProject
Project("{2150E333-8FDC-42A3-9474-1A3956D46DE8}") = "02 - Modificadoes", "02 - Modificadoes", "{B4F289C8-7F32-457F-AD7C-A9F6AE517887}"
EndProject
Project("{9A19103F-16F7-4668-BE54-9A1E7A4F7556}") = "ProjetoA", "ProjetoA\ProjetoA.csproj", "{461E1D61-D309-4D79-A6B2-FE12CDC03CEB}"
EndProject
Project("{2150E333-8FDC-42A3-9474-1A3956D46DE8}") = "03 - SOLID", "03 - SOLID", "{4EA25385-60A2-4F1B-9161-F553641C15A1}"
EndProject
Project("{9A19103F-16F7-4668-BE54-9A1E7A4F7556}") = "SOLID", "SOLID\SOLID.csproj", "{9FEEE5BD-8963-469C-BB69-078D69E72C0A}"
EndProject
Project("{2150E333-8FDC-42A3-9474-1A3956D46DE8}") = "04 - Dependency_Injection", "04 - Dependency_Injection", "{D5E387E0-3C6C-4619-A8DB-C5C1B4402DB6}"
EndProject
Project("{FAE04EC0-301F-11D3-BF4B-00C04F79EFBC}") = "DemoDI", "DemoDI\DemoDI.csproj", "{D1391B84-854E-4C29-BC44-E887388048D9}"
EndProject
Project("{2150E333-8FDC-42A3-9474-1A3956D46DE8}") = "05 - Clean_Code", "05 - Clean_Code", "{43EF9DFF-EDCB-4BF7-BF4A-C361FF52A5DB}"
EndProject
Project("{9A19103F-16F7-4668-BE54-9A1E7A4F7556}") = "Clean_Code", "Clean_Code\Clean_Code.csproj", "{C9B21956-E844-4544-AC50-68CB5E3FE66B}"
EndProject
Project("{2150E333-8FDC-42A3-9474-1A3956D46DE8}") = "06 - Desing_Patterns", "06 - Desing_Patterns", "{FBF30BE5-B5A9-411C-84D9-565B8093C370}"
	ProjectSection(SolutionItems) = preProject
		Documentation.txt = Documentation.txt
	EndProjectSection
EndProject
Project("{FAE04EC0-301F-11D3-BF4B-00C04F79EFBC}") = "DesingPatterns", "DesingPatterns\DesingPatterns.csproj", "{5E2EEEED-850B-4010-A730-01B76F82C511}"
EndProject
Global
	GlobalSection(SolutionConfigurationPlatforms) = preSolution
		Debug|Any CPU = Debug|Any CPU
		Release|Any CPU = Release|Any CPU
	EndGlobalSection
	GlobalSection(ProjectConfigurationPlatforms) = postSolution
		{6A752A16-26B2-42D9-A6AD-F9164992FD45}.Debug|Any CPU.ActiveCfg = Debug|Any CPU
		{6A752A16-26B2-42D9-A6AD-F9164992FD45}.Debug|Any CPU.Build.0 = Debug|Any CPU
		{6A752A16-26B2-42D9-A6AD-F9164992FD45}.Release|Any CPU.ActiveCfg = Release|Any CPU
		{6A752A16-26B2-42D9-A6AD-F9164992FD45}.Release|Any CPU.Build.0 = Release|Any CPU
		{461E1D61-D309-4D79-A6B2-FE12CDC03CEB}.Debug|Any CPU.ActiveCfg = Debug|Any CPU
		{461E1D61-D309-4D79-A6B2-FE12CDC03CEB}.Debug|Any CPU.Build.0 = Debug|Any CPU
		{461E1D61-D309-4D79-A6B2-FE12CDC03CEB}.Release|Any CPU.ActiveCfg = Release|Any CPU
		{461E1D61-D309-4D79-A6B2-FE12CDC03CEB}.Release|Any CPU.Build.0 = Release|Any CPU
		{9FEEE5BD-8963-469C-BB69-078D69E72C0A}.Debug|Any CPU.ActiveCfg = Debug|Any CPU
		{9FEEE5BD-8963-469C-BB69-078D69E72C0A}.Debug|Any CPU.Build.0 = Debug|Any CPU
		{9FEEE5BD-8963-469C-BB69-078D69E72C0A}.Release|Any CPU.ActiveCfg = Release|Any CPU
		{9FEEE5BD-8963-469C-BB69-078D69E72C0A}.Release|Any CPU.Build.0 = Release|Any CPU
		{D1391B84-854E-4C29-BC44-E887388048D9}.Debug|Any CPU.ActiveCfg = Debug|Any CPU
		{D1391B84-854E-4C29-BC44-E887388048D9}.Debug|Any CPU.Build.0 = Debug|Any CPU
		{D1391B84-854E-4C29-BC44-E887388048D9}.Release|Any CPU.ActiveCfg = Release|Any CPU
		{D1391B84-854E-4C29-BC44-E887388048D9}.Release|Any CPU.Build.0 = Release|Any CPU
		{C9B21956-E844-4544-AC50-68CB5E3FE66B}.Debug|Any CPU.ActiveCfg = Debug|Any CPU
		{C9B21956-E844-4544-AC50-68CB5E3FE66B}.Debug|Any CPU.Build.0 = Debug|Any CPU
		{C9B21956-E844-4544-AC50-68CB5E3FE66B}.Release|Any CPU.ActiveCfg = Release|Any CPU
		{C9B21956-E844-4544-AC50-68CB5E3FE66B}.Release|Any CPU.Build.0 = Release|Any CPU
		{5E2EEEED-850B-4010-A730-01B76F82C511}.Debug|Any CPU.ActiveCfg = Debug|Any CPU
		{5E2EEEED-850B-4010-A730-01B76F82C511}.Debug|Any CPU.Build.0 = Debug|Any CPU
		{5E2EEEED-850B-4010-A730-01B76F82C511}.Release|Any CPU.ActiveCfg = Release|Any CPU
		{5E2EEEED-850B-4010-A730-01B76F82C511}.Release|Any CPU.Build.0 = Release|Any CPU
	EndGlobalSection
	GlobalSection(SolutionProperties) = preSolution
		HideSolutionNode = FALSE
	EndGlobalSection
	GlobalSection(NestedProjects) = preSolution
		{6A752A16-26B2-42D9-A6AD-F9164992FD45} = {B45E8132-946B-4F37-80CE-0C680DE29218}
		{461E1D61-D309-4D79-A6B2-FE12CDC03CEB} = {B4F289C8-7F32-457F-AD7C-A9F6AE517887}
		{9FEEE5BD-8963-469C-BB69-078D69E72C0A} = {4EA25385-60A2-4F1B-9161-F553641C15A1}
		{D1391B84-854E-4C29-BC44-E887388048D9} = {D5E387E0-3C6C-4619-A8DB-C5C1B4402DB6}
		{C9B21956-E844-4544-AC50-68CB5E3FE66B} = {43EF9DFF-EDCB-4BF7-BF4A-C361FF52A5DB}
		{5E2EEEED-850B-4010-A730-01B76F82C511} = {FBF30BE5-B5A9-411C-84D9-565B8093C370}
	EndGlobalSection
	GlobalSection(ExtensibilityGlobals) = postSolution
		SolutionGuid = {B7819489-45FB-4381-8FF9-D7BCA94FB73E}
	EndGlobalSection
EndGlobal
